<?xml version="1.0" encoding="utf-8"?>
<Project ToolsVersion="4.0" xmlns="http://schemas.microsoft.com/developer/msbuild/2003">
  <ItemGroup>
    <Filter Include="Source Files">
      <UniqueIdentifier>{4FC737F1-C7A5-4376-A066-2A32D752A2FF}</UniqueIdentifier>
      <Extensions>cpp;c;cc;cxx;def;odl;idl;hpj;bat;asm;asmx</Extensions>
    </Filter>
    <Filter Include="Header Files">
      <UniqueIdentifier>{93995380-89BD-4b04-88EB-625FBE52EBFB}</UniqueIdentifier>
      <Extensions>h;hh;hpp;hxx;hm;inl;inc;xsd</Extensions>
    </Filter>
    <Filter Include="Resource Files">
      <UniqueIdentifier>{67DA6AB6-F800-4c08-8B7A-83BB121AAD01}</UniqueIdentifier>
      <Extensions>rc;ico;cur;bmp;dlg;rc2;rct;bin;rgs;gif;jpg;jpeg;jpe;resx;tiff;tif;png;wav;mfcribbon-ms</Extensions>
    </Filter>
    <Filter Include="Header Files\Gui">
      <UniqueIdentifier>{9bd7efbd-db31-4d5e-a3f5-f7890ce5c9f0}</UniqueIdentifier>
    </Filter>
    <Filter Include="Source Files\Gui">
      <UniqueIdentifier>{61b1eafb-1257-4e85-8aa3-827d9b5c4638}</UniqueIdentifier>
    </Filter>
    <Filter Include="Header Files\Game">
      <UniqueIdentifier>{83f0cb18-0fad-41a2-a2c2-1ac3225affb5}</UniqueIdentifier>
    </Filter>
    <Filter Include="Source Files\Game">
      <UniqueIdentifier>{dd296d13-1fad-4bce-a8ae-5515bc573c26}</UniqueIdentifier>
    </Filter>
    <Filter Include="Header Files\MyGui">
      <UniqueIdentifier>{8f3d8299-739d-4ee0-a3ec-7a21199311ed}</UniqueIdentifier>
    </Filter>
    <Filter Include="Source Files\MyGui">
      <UniqueIdentifier>{4a294823-3f8e-4b0f-9f36-821d9073bd2d}</UniqueIdentifier>
    </Filter>
  </ItemGroup>
  <ItemGroup>
    <ClCompile Include="gui\BFF_Font.cpp">
      <Filter>Source Files\Gui</Filter>
    </ClCompile>
    <ClCompile Include="gui\GuiButton.cpp">
      <Filter>Source Files\Gui</Filter>
    </ClCompile>
    <ClCompile Include="gui\GuiEditBox.cpp">
      <Filter>Source Files\Gui</Filter>
    </ClCompile>
    <ClCompile Include="gui\GuiEditor.cpp">
      <Filter>Source Files\Gui</Filter>
    </ClCompile>
    <ClCompile Include="gui\GuiFactory.cpp">
      <Filter>Source Files\Gui</Filter>
    </ClCompile>
    <ClCompile Include="gui\GuiFileDialog.cpp">
      <Filter>Source Files\Gui</Filter>
    </ClCompile>
    <ClCompile Include="gui\GuiInput.cpp">
      <Filter>Source Files\Gui</Filter>
    </ClCompile>
    <ClCompile Include="gui\GuiLayout.cpp">
      <Filter>Source Files\Gui</Filter>
    </ClCompile>
    <ClCompile Include="gui\GuiLayoutFactory.cpp">
      <Filter>Source Files\Gui</Filter>
    </ClCompile>
    <ClCompile Include="gui\GuiManager.cpp">
      <Filter>Source Files\Gui</Filter>
    </ClCompile>
    <ClCompile Include="gui\GuiRefButton.cpp">
      <Filter>Source Files\Gui</Filter>
    </ClCompile>
    <ClCompile Include="gui\GuiRenderer.cpp">
      <Filter>Source Files\Gui</Filter>
    </ClCompile>
    <ClCompile Include="gui\GuiRendererSDL.cpp">
      <Filter>Source Files\Gui</Filter>
    </ClCompile>
    <ClCompile Include="gui\GuiScrollBar.cpp">
      <Filter>Source Files\Gui</Filter>
    </ClCompile>
    <ClCompile Include="gui\GuiShopDialog.cpp">
      <Filter>Source Files\Gui</Filter>
    </ClCompile>
    <ClCompile Include="gui\GuiText.cpp">
      <Filter>Source Files\Gui</Filter>
    </ClCompile>
    <ClCompile Include="gui\GuiTreeView.cpp">
      <Filter>Source Files\Gui</Filter>
    </ClCompile>
    <ClCompile Include="gui\GuiTreeViewLayout.cpp">
      <Filter>Source Files\Gui</Filter>
    </ClCompile>
    <ClCompile Include="gui\GuiTreeViewNode.cpp">
      <Filter>Source Files\Gui</Filter>
    </ClCompile>
    <ClCompile Include="gui\GuiWindow.cpp">
      <Filter>Source Files\Gui</Filter>
    </ClCompile>
    <ClCompile Include="Camera.cpp">
      <Filter>Source Files\Game</Filter>
    </ClCompile>
    <ClCompile Include="Game.cpp">
      <Filter>Source Files\Game</Filter>
    </ClCompile>
    <ClCompile Include="GameTimer.cpp">
      <Filter>Source Files\Game</Filter>
    </ClCompile>
    <ClCompile Include="GameWindow.cpp">
      <Filter>Source Files\Game</Filter>
    </ClCompile>
    <ClCompile Include="main.cpp">
      <Filter>Source Files\Game</Filter>
    </ClCompile>
    <ClCompile Include="NPC.cpp">
      <Filter>Source Files\Game</Filter>
    </ClCompile>
    <ClCompile Include="Player.cpp">
      <Filter>Source Files\Game</Filter>
    </ClCompile>
    <ClCompile Include="gui\GuiImage.cpp">
      <Filter>Source Files\MyGui</Filter>
    </ClCompile>
    <ClCompile Include="gui\GuiBar.cpp">
      <Filter>Source Files\MyGui</Filter>
    </ClCompile>
    <ClCompile Include="Statistics.cpp">
      <Filter>Source Files\Game</Filter>
    </ClCompile>
    <ClCompile Include="GameMap.cpp">
      <Filter>Source Files\Game</Filter>
    </ClCompile>
  </ItemGroup>
  <ItemGroup>
    <ClInclude Include="gui\BFF_Font.h">
      <Filter>Header Files\Gui</Filter>
    </ClInclude>
    <ClInclude Include="gui\GuiButton.h">
      <Filter>Header Files\Gui</Filter>
    </ClInclude>
    <ClInclude Include="gui\GuiDefaults.h">
      <Filter>Header Files\Gui</Filter>
    </ClInclude>
    <ClInclude Include="gui\GuiEditBox.h">
      <Filter>Header Files\Gui</Filter>
    </ClInclude>
    <ClInclude Include="gui\GuiEditor.h">
      <Filter>Header Files\Gui</Filter>
    </ClInclude>
    <ClInclude Include="gui\GuiFactory.h">
      <Filter>Header Files\Gui</Filter>
    </ClInclude>
    <ClInclude Include="gui\guifiledialog.h">
      <Filter>Header Files\Gui</Filter>
    </ClInclude>
    <ClInclude Include="gui\GuiInput.h">
      <Filter>Header Files\Gui</Filter>
    </ClInclude>
    <ClInclude Include="gui\GuiLayout.h">
      <Filter>Header Files\Gui</Filter>
    </ClInclude>
    <ClInclude Include="gui\GuiLayoutFactory.h">
      <Filter>Header Files\Gui</Filter>
    </ClInclude>
    <ClInclude Include="gui\GuiManager.h">
      <Filter>Header Files\Gui</Filter>
    </ClInclude>
    <ClInclude Include="gui\GuiRefButton.h">
      <Filter>Header Files\Gui</Filter>
    </ClInclude>
    <ClInclude Include="gui\GuiRenderer.h">
      <Filter>Header Files\Gui</Filter>
    </ClInclude>
    <ClInclude Include="gui\GuiRendererSDL.h">
      <Filter>Header Files\Gui</Filter>
    </ClInclude>
    <ClInclude Include="gui\GuIScrollBar.h">
      <Filter>Header Files\Gui</Filter>
    </ClInclude>
    <ClInclude Include="gui\GuiShopDialog.h">
      <Filter>Header Files\Gui</Filter>
    </ClInclude>
    <ClInclude Include="gui\GuiText.h">
      <Filter>Header Files\Gui</Filter>
    </ClInclude>
    <ClInclude Include="gui\GuiTreeView.h">
      <Filter>Header Files\Gui</Filter>
    </ClInclude>
    <ClInclude Include="gui\GuiTreeViewLayout.h">
      <Filter>Header Files\Gui</Filter>
    </ClInclude>
    <ClInclude Include="gui\GuiTreeViewNode.h">
      <Filter>Header Files\Gui</Filter>
    </ClInclude>
    <ClInclude Include="gui\GuiWindow.h">
      <Filter>Header Files\Gui</Filter>
    </ClInclude>
    <ClInclude Include="gui\Macros.h">
      <Filter>Header Files\Gui</Filter>
    </ClInclude>
    <ClInclude Include="Camera.h">
      <Filter>Header Files\Game</Filter>
    </ClInclude>
    <ClInclude Include="Game.h">
      <Filter>Header Files\Game</Filter>
    </ClInclude>
    <ClInclude Include="GameTimer.h">
      <Filter>Header Files\Game</Filter>
    </ClInclude>
    <ClInclude Include="GameWindow.h">
      <Filter>Header Files\Game</Filter>
    </ClInclude>
    <ClInclude Include="memdbg.h">
      <Filter>Header Files\Game</Filter>
    </ClInclude>
    <ClInclude Include="NPC.h">
      <Filter>Header Files\Game</Filter>
    </ClInclude>
    <ClInclude Include="Player.h">
      <Filter>Header Files\Game</Filter>
    </ClInclude>
    <ClInclude Include="gui\GuiImage.h">
      <Filter>Header Files\MyGui</Filter>
    </ClInclude>
    <ClInclude Include="gui\GuiBar.h">
      <Filter>Header Files\MyGui</Filter>
    </ClInclude>
    <ClInclude Include="Statistics.h">
      <Filter>Header Files\Game</Filter>
    </ClInclude>
    <ClInclude Include="GameMap.h">
      <Filter>Header Files\Game</Filter>
    </ClInclude>
  </ItemGroup>
</Project>